{
  "requires": true,
  "lockfileVersion": 1,
  "dependencies": {
    "angular-slick-carousel": {
      "version": "3.1.7",
      "resolved": "https://registry.npmjs.org/angular-slick-carousel/-/angular-slick-carousel-3.1.7.tgz",
      "integrity": "sha1-mJT8I7N7kIM3WHMbpIj2DNTMiQo="
    },
    "slick-carousel": {
      "version": "1.8.1",
      "resolved": "https://registry.npmjs.org/slick-carousel/-/slick-carousel-1.8.1.tgz",
      "integrity": "sha512-XB9Ftrf2EEKfzoQXt3Nitrt/IPbT+f1fgqBdoxO3W/+JYvtEOW6EgxnWfr9GH6nmULv7Y2tPmEX3koxThVmebA=="
    }
  }
}
